Microsoft Visual Studio Solution File, Format Version 12.00
# Visual Studio Version 17
VisualStudioVersion = 17.0.31903.59
MinimumVisualStudioVersion = 10.0.40219.1
Project("{FAE04EC0-301F-11D3-BF4B-00C04F79EFBC}") = "AttendanceAgent", "src/AttendanceAgent/AttendanceAgent.csproj", "{BF48B229-783B-43DF-A603-B1499BE993EE}"
EndProject
Project("{FAE04EC0-301F-11D3-BF4B-00C04F79EFBC}") = "AttendanceAgent.Tests", "tests/AttendanceAgent.Tests/AttendanceAgent.Tests.csproj", "{1497BF34-F957-4835-988B-E373F993939D}"
EndProject
Global
	GlobalSection(SolutionConfigurationPlatforms) = preSolution
		Debug|Any CPU = Debug|Any CPU
		Release|Any CPU = Release|Any CPU
	EndGlobalSection
	GlobalSection(ProjectConfigurationPlatforms) = postSolution
		{BF48B229-783B-43DF-A603-B1499BE993EE}.Debug|Any CPU.ActiveCfg = Debug|Any CPU
		{BF48B229-783B-43DF-A603-B1499BE993EE}.Debug|Any CPU.Build.0 = Debug|Any CPU
		{BF48B229-783B-43DF-A603-B1499BE993EE}.Release|Any CPU.ActiveCfg = Release|Any CPU
		{BF48B229-783B-43DF-A603-B1499BE993EE}.Release|Any CPU.Build.0 = Release|Any CPU
		{1497BF34-F957-4835-988B-E373F993939D}.Debug|Any CPU.ActiveCfg = Debug|Any CPU
		{1497BF34-F957-4835-988B-E373F993939D}.Debug|Any CPU.Build.0 = Debug|Any CPU
		{1497BF34-F957-4835-988B-E373F993939D}.Release|Any CPU.ActiveCfg = Release|Any CPU
		{1497BF34-F957-4835-988B-E373F993939D}.Release|Any CPU.Build.0 = Release|Any CPU
	EndGlobalSection
EndGlobal
